
Microsoft Visual Studio Solution File, Format Version 12.00
# Visual Studio Version 16
VisualStudioVersion = 16.0.30711.63
MinimumVisualStudioVersion = 10.0.40219.1
Project("{FAE04EC0-301F-11D3-BF4B-00C04F79EFBC}") = "WindowsFormsApp14", "WindowsFormsApp14\WindowsFormsApp14.csproj", "{B61124BC-49D1-4AA4-BA49-6C0026DF10A4}"
EndProject
Global
	GlobalSection(SolutionConfigurationPlatforms) = preSolution
		Debug|Any CPU = Debug|Any CPU
		Release|Any CPU = Release|Any CPU
	EndGlobalSection
	GlobalSection(ProjectConfigurationPlatforms) = postSolution
		{B61124BC-49D1-4AA4-BA49-6C0026DF10A4}.Debug|Any CPU.ActiveCfg = Debug|Any CPU
		{B61124BC-49D1-4AA4-BA49-6C0026DF10A4}.Debug|Any CPU.Build.0 = Debug|Any CPU
		{B61124BC-49D1-4AA4-BA49-6C0026DF10A4}.Release|Any CPU.ActiveCfg = Release|Any CPU
		{B61124BC-49D1-4AA4-BA49-6C0026DF10A4}.Release|Any CPU.Build.0 = Release|Any CPU
	EndGlobalSection
	GlobalSection(SolutionProperties) = preSolution
		HideSolutionNode = FALSE
	EndGlobalSection
	GlobalSection(ExtensibilityGlobals) = postSolution
		SolutionGuid = {7E8F14CC-3068-4A56-8463-AA9D18B16A8E}
	EndGlobalSection
EndGlobal
